
Microsoft Visual Studio Solution File, Format Version 12.00
# Visual Studio Version 17
VisualStudioVersion = 17.8.34330.188
MinimumVisualStudioVersion = 10.0.40219.1
Project("{FAE04EC0-301F-11D3-BF4B-00C04F79EFBC}") = "Knowt WF", "Knowt WF\Knowt WF.csproj", "{3C7A0C72-9655-4E83-BD14-A8AC963CEA8C}"
EndProject
Global
	GlobalSection(SolutionConfigurationPlatforms) = preSolution
		Debug|Any CPU = Debug|Any CPU
		Release|Any CPU = Release|Any CPU
	EndGlobalSection
	GlobalSection(ProjectConfigurationPlatforms) = postSolution
		{3C7A0C72-9655-4E83-BD14-A8AC963CEA8C}.Debug|Any CPU.ActiveCfg = Debug|Any CPU
		{3C7A0C72-9655-4E83-BD14-A8AC963CEA8C}.Debug|Any CPU.Build.0 = Debug|Any CPU
		{3C7A0C72-9655-4E83-BD14-A8AC963CEA8C}.Release|Any CPU.ActiveCfg = Release|Any CPU
		{3C7A0C72-9655-4E83-BD14-A8AC963CEA8C}.Release|Any CPU.Build.0 = Release|Any CPU
	EndGlobalSection
	GlobalSection(SolutionProperties) = preSolution
		HideSolutionNode = FALSE
	EndGlobalSection
	GlobalSection(ExtensibilityGlobals) = postSolution
		SolutionGuid = {FF8C6E9F-92EB-4EEE-990A-060C45BCB2CD}
	EndGlobalSection
EndGlobal
